<Solution>
  <Folder Name="/src/">
    <Project Path="src/Inkwell/Inkwell.csproj" />
    <Project Path="src/Inkwell.FantasiaArchive/Inkwell.FantasiaArchive.csproj" />
  </Folder>
  <Folder Name="/tests/">
    <Project Path="tests/Inkwell.FantasiaArchive.Tests/Inkwell.FantasiaArchive.Tests.csproj" />
    <Project Path="tests/Inkwell.Tests/Inkwell.Tests.csproj" />
  </Folder>
</Solution>
